// !$*UTF8*$!
{
	archiveVersion = 1;
	classes = {
	};
	objectVersion = 50;
	objects = {

/* Begin PBXBuildFile section */
		A0957CB025FA5BEA005993AB /* AppDelegate.swift in Sources */ = {isa = PBXBuildFile; fileRef = A0957CAF25FA5BEA005993AB /* AppDelegate.swift */; };
		A0957CB225FA5BEA005993AB /* SceneDelegate.swift in Sources */ = {isa = PBXBuildFile; fileRef = A0957CB125FA5BEA005993AB /* SceneDelegate.swift */; };
		A0957CB425FA5BEA005993AB /* ContentView.swift in Sources */ = {isa = PBXBuildFile; fileRef = A0957CB325FA5BEA005993AB /* ContentView.swift */; };
		A0957CB625FA5BEA005993AB /* Assets.xcassets in Resources */ = {isa = PBXBuildFile; fileRef = A0957CB525FA5BEA005993AB /* Assets.xcassets */; };
		A0957CB925FA5BEA005993AB /* Preview Assets.xcassets in Resources */ = {isa = PBXBuildFile; fileRef = A0957CB825FA5BEA005993AB /* Preview Assets.xcassets */; };
		A0957CBC25FA5BEA005993AB /* LaunchScreen.storyboard in Resources */ = {isa = PBXBuildFile; fileRef = A0957CBA25FA5BEA005993AB /* LaunchScreen.storyboard */; };
		A0957CC725FA5BEB005993AB /* RandomStudentGeneratorTests.swift in Sources */ = {isa = PBXBuildFile; fileRef = A0957CC625FA5BEB005993AB /* RandomStudentGeneratorTests.swift */; };
		A0957CD225FA5BEB005993AB /* RandomStudentGeneratorUITests.swift in Sources */ = {isa = PBXBuildFile; fileRef = A0957CD125FA5BEB005993AB /* RandomStudentGeneratorUITests.swift */; };
		A0957CE925FA7398005993AB /* NewStudentListView.swift in Sources */ = {isa = PBXBuildFile; fileRef = A0957CE825FA7398005993AB /* NewStudentListView.swift */; };
		A0957CF125FA851D005993AB /* ShuffledListView.swift in Sources */ = {isa = PBXBuildFile; fileRef = A0957CF025FA851D005993AB /* ShuffledListView.swift */; };
		A0957CF625FAD00D005993AB /* GroupSelectorView.swift in Sources */ = {isa = PBXBuildFile; fileRef = A0957CF525FAD00D005993AB /* GroupSelectorView.swift */; };
		A0957CFB25FAD159005993AB /* Student.swift in Sources */ = {isa = PBXBuildFile; fileRef = A0957CFA25FAD159005993AB /* Student.swift */; };
		A0957D0025FAD201005993AB /* Group.swift in Sources */ = {isa = PBXBuildFile; fileRef = A0957CFF25FAD201005993AB /* Group.swift */; };
		A0957D1425FB29BA005993AB /* GroupsStorage.swift in Sources */ = {isa = PBXBuildFile; fileRef = A0957D1325FB29BA005993AB /* GroupsStorage.swift */; };
/* End PBXBuildFile section */

/* Begin PBXContainerItemProxy section */
		A0957CC325FA5BEB005993AB /* PBXContainerItemProxy */ = {
			isa = PBXContainerItemProxy;
			containerPortal = A0957CA425FA5BEA005993AB /* Project object */;
			proxyType = 1;
			remoteGlobalIDString = A0957CAB25FA5BEA005993AB;
			remoteInfo = RandomStudentGenerator;
		};
		A0957CCE25FA5BEB005993AB /* PBXContainerItemProxy */ = {
			isa = PBXContainerItemProxy;
			containerPortal = A0957CA425FA5BEA005993AB /* Project object */;
			proxyType = 1;
			remoteGlobalIDString = A0957CAB25FA5BEA005993AB;
			remoteInfo = RandomStudentGenerator;
		};
/* End PBXContainerItemProxy section */

/* Begin PBXFileReference section */
		A0957CAC25FA5BEA005993AB /* RandomStudentGenerator.app */ = {isa = PBXFileReference; explicitFileType = wrapper.application; includeInIndex = 0; path = RandomStudentGenerator.app; sourceTree = BUILT_PRODUCTS_DIR; };
		A0957CAF25FA5BEA005993AB /* AppDelegate.swift */ = {isa = PBXFileReference; lastKnownFileType = sourcecode.swift; path = AppDelegate.swift; sourceTree = "<group>"; };
		A0957CB125FA5BEA005993AB /* SceneDelegate.swift */ = {isa = PBXFileReference; lastKnownFileType = sourcecode.swift; path = SceneDelegate.swift; sourceTree = "<group>"; };
		A0957CB325FA5BEA005993AB /* ContentView.swift */ = {isa = PBXFileReference; lastKnownFileType = sourcecode.swift; path = ContentView.swift; sourceTree = "<group>"; };
		A0957CB525FA5BEA005993AB /* Assets.xcassets */ = {isa = PBXFileReference; lastKnownFileType = folder.assetcatalog; path = Assets.xcassets; sourceTree = "<group>"; };
		A0957CB825FA5BEA005993AB /* Preview Assets.xcassets */ = {isa = PBXFileReference; lastKnownFileType = folder.assetcatalog; path = "Preview Assets.xcassets"; sourceTree = "<group>"; };
		A0957CBB25FA5BEA005993AB /* Base */ = {isa = PBXFileReference; lastKnownFileType = file.storyboard; name = Base; path = Base.lproj/LaunchScreen.storyboard; sourceTree = "<group>"; };
		A0957CBD25FA5BEA005993AB /* Info.plist */ = {isa = PBXFileReference; lastKnownFileType = text.plist.xml; path = Info.plist; sourceTree = "<group>"; };
		A0957CC225FA5BEB005993AB /* RandomStudentGeneratorTests.xctest */ = {isa = PBXFileReference; explicitFileType = wrapper.cfbundle; includeInIndex = 0; path = RandomStudentGeneratorTests.xctest; sourceTree = BUILT_PRODUCTS_DIR; };
		A0957CC625FA5BEB005993AB /* RandomStudentGeneratorTests.swift */ = {isa = PBXFileReference; lastKnownFileType = sourcecode.swift; path = RandomStudentGeneratorTests.swift; sourceTree = "<group>"; };
		A0957CC825FA5BEB005993AB /* Info.plist */ = {isa = PBXFileReference; lastKnownFileType = text.plist.xml; path = Info.plist; sourceTree = "<group>"; };
		A0957CCD25FA5BEB005993AB /* RandomStudentGeneratorUITests.xctest */ = {isa = PBXFileReference; explicitFileType = wrapper.cfbundle; includeInIndex = 0; path = RandomStudentGeneratorUITests.xctest; sourceTree = BUILT_PRODUCTS_DIR; };
		A0957CD125FA5BEB005993AB /* RandomStudentGeneratorUITests.swift */ = {isa = PBXFileReference; lastKnownFileType = sourcecode.swift; path = RandomStudentGeneratorUITests.swift; sourceTree = "<group>"; };
		A0957CD325FA5BEB005993AB /* Info.plist */ = {isa = PBXFileReference; lastKnownFileType = text.plist.xml; path = Info.plist; sourceTree = "<group>"; };
		A0957CE825FA7398005993AB /* NewStudentListView.swift */ = {isa = PBXFileReference; lastKnownFileType = sourcecode.swift; path = NewStudentListView.swift; sourceTree = "<group>"; };
		A0957CF025FA851D005993AB /* ShuffledListView.swift */ = {isa = PBXFileReference; lastKnownFileType = sourcecode.swift; path = ShuffledListView.swift; sourceTree = "<group>"; };
		A0957CF525FAD00D005993AB /* GroupSelectorView.swift */ = {isa = PBXFileReference; lastKnownFileType = sourcecode.swift; path = GroupSelectorView.swift; sourceTree = "<group>"; };
		A0957CFA25FAD159005993AB /* Student.swift */ = {isa = PBXFileReference; lastKnownFileType = sourcecode.swift; path = Student.swift; sourceTree = "<group>"; };
		A0957CFF25FAD201005993AB /* Group.swift */ = {isa = PBXFileReference; lastKnownFileType = sourcecode.swift; path = Group.swift; sourceTree = "<group>"; };
		A0957D1325FB29BA005993AB /* GroupsStorage.swift */ = {isa = PBXFileReference; lastKnownFileType = sourcecode.swift; path = GroupsStorage.swift; sourceTree = "<group>"; };
/* End PBXFileReference section */

/* Begin PBXFrameworksBuildPhase section */
		A0957CA925FA5BEA005993AB /* Frameworks */ = {
			isa = PBXFrameworksBuildPhase;
			buildActionMask = 2147483647;
			files = (
			);
			runOnlyForDeploymentPostprocessing = 0;
		};
		A0957CBF25FA5BEB005993AB /* Frameworks */ = {
			isa = PBXFrameworksBuildPhase;
			buildActionMask = 2147483647;
			files = (
			);
			runOnlyForDeploymentPostprocessing = 0;
		};
		A0957CCA25FA5BEB005993AB /* Frameworks */ = {
			isa = PBXFrameworksBuildPhase;
			buildActionMask = 2147483647;
			files = (
			);
			runOnlyForDeploymentPostprocessing = 0;
		};
/* End PBXFrameworksBuildPhase section */

/* Begin PBXGroup section */
		A0957CA325FA5BEA005993AB = {
			isa = PBXGroup;
			children = (
				A0957CAE25FA5BEA005993AB /* RandomStudentGenerator */,
				A0957CC525FA5BEB005993AB /* RandomStudentGeneratorTests */,
				A0957CD025FA5BEB005993AB /* RandomStudentGeneratorUITests */,
				A0957CAD25FA5BEA005993AB /* Products */,
			);
			sourceTree = "<group>";
		};
		A0957CAD25FA5BEA005993AB /* Products */ = {
			isa = PBXGroup;
			children = (
				A0957CAC25FA5BEA005993AB /* RandomStudentGenerator.app */,
				A0957CC225FA5BEB005993AB /* RandomStudentGeneratorTests.xctest */,
				A0957CCD25FA5BEB005993AB /* RandomStudentGeneratorUITests.xctest */,
			);
			name = Products;
			sourceTree = "<group>";
		};
		A0957CAE25FA5BEA005993AB /* RandomStudentGenerator */ = {
			isa = PBXGroup;
			children = (
				A0957CAF25FA5BEA005993AB /* AppDelegate.swift */,
				A0957CB125FA5BEA005993AB /* SceneDelegate.swift */,
				A0957CB325FA5BEA005993AB /* ContentView.swift */,
				A0957CF525FAD00D005993AB /* GroupSelectorView.swift */,
				A0957D1325FB29BA005993AB /* GroupsStorage.swift */,
				A0957CFA25FAD159005993AB /* Student.swift */,
				A0957CFF25FAD201005993AB /* Group.swift */,
				A0957CF025FA851D005993AB /* ShuffledListView.swift */,
				A0957CE825FA7398005993AB /* NewStudentListView.swift */,
				A0957CB525FA5BEA005993AB /* Assets.xcassets */,
				A0957CBA25FA5BEA005993AB /* LaunchScreen.storyboard */,
				A0957CBD25FA5BEA005993AB /* Info.plist */,
				A0957CB725FA5BEA005993AB /* Preview Content */,
			);
			path = RandomStudentGenerator;
			sourceTree = "<group>";
		};
		A0957CB725FA5BEA005993AB /* Preview Content */ = {
			isa = PBXGroup;
			children = (
				A0957CB825FA5BEA005993AB /* Preview Assets.xcassets */,
			);
			path = "Preview Content";
			sourceTree = "<group>";
		};
		A0957CC525FA5BEB005993AB /* RandomStudentGeneratorTests */ = {
			isa = PBXGroup;
			children = (
				A0957CC625FA5BEB005993AB /* RandomStudentGeneratorTests.swift */,
				A0957CC825FA5BEB005993AB /* Info.plist */,
			);
			path = RandomStudentGeneratorTests;
			sourceTree = "<group>";
		};
		A0957CD025FA5BEB005993AB /* RandomStudentGeneratorUITests */ = {
			isa = PBXGroup;
			children = (
				A0957CD125FA5BEB005993AB /* RandomStudentGeneratorUITests.swift */,
				A0957CD325FA5BEB005993AB /* Info.plist */,
			);
			path = RandomStudentGeneratorUITests;
			sourceTree = "<group>";
		};
/* End PBXGroup section */

/* Begin PBXNativeTarget section */
		A0957CAB25FA5BEA005993AB /* RandomStudentGenerator */ = {
			isa = PBXNativeTarget;
			buildConfigurationList = A0957CD625FA5BEB005993AB /* Build configuration list for PBXNativeTarget "RandomStudentGenerator" */;
			buildPhases = (
				A0957CA825FA5BEA005993AB /* Sources */,
				A0957CA925FA5BEA005993AB /* Frameworks */,
				A0957CAA25FA5BEA005993AB /* Resources */,
			);
			buildRules = (
			);
			dependencies = (
			);
			name = RandomStudentGenerator;
			productName = RandomStudentGenerator;
			productReference = A0957CAC25FA5BEA005993AB /* RandomStudentGenerator.app */;
			productType = "com.apple.product-type.application";
		};
		A0957CC125FA5BEB005993AB /* RandomStudentGeneratorTests */ = {
			isa = PBXNativeTarget;
			buildConfigurationList = A0957CD925FA5BEB005993AB /* Build configuration list for PBXNativeTarget "RandomStudentGeneratorTests" */;
			buildPhases = (
				A0957CBE25FA5BEB005993AB /* Sources */,
				A0957CBF25FA5BEB005993AB /* Frameworks */,
				A0957CC025FA5BEB005993AB /* Resources */,
			);
			buildRules = (
			);
			dependencies = (
				A0957CC425FA5BEB005993AB /* PBXTargetDependency */,
			);
			name = RandomStudentGeneratorTests;
			productName = RandomStudentGeneratorTests;
			productReference = A0957CC225FA5BEB005993AB /* RandomStudentGeneratorTests.xctest */;
			productType = "com.apple.product-type.bundle.unit-test";
		};
		A0957CCC25FA5BEB005993AB /* RandomStudentGeneratorUITests */ = {
			isa = PBXNativeTarget;
			buildConfigurationList = A0957CDC25FA5BEB005993AB /* Build configuration list for PBXNativeTarget "RandomStudentGeneratorUITests" */;
			buildPhases = (
				A0957CC925FA5BEB005993AB /* Sources */,
				A0957CCA25FA5BEB005993AB /* Frameworks */,
				A0957CCB25FA5BEB005993AB /* Resources */,
			);
			buildRules = (
			);
			dependencies = (
				A0957CCF25FA5BEB005993AB /* PBXTargetDependency */,
			);
			name = RandomStudentGeneratorUITests;
			productName = RandomStudentGeneratorUITests;
			productReference = A0957CCD25FA5BEB005993AB /* RandomStudentGeneratorUITests.xctest */;
			productType = "com.apple.product-type.bundle.ui-testing";
		};
/* End PBXNativeTarget section */

/* Begin PBXProject section */
		A0957CA425FA5BEA005993AB /* Project object */ = {
			isa = PBXProject;
			attributes = {
				LastSwiftUpdateCheck = 1240;
				LastUpgradeCheck = 1240;
				TargetAttributes = {
					A0957CAB25FA5BEA005993AB = {
						CreatedOnToolsVersion = 12.4;
					};
					A0957CC125FA5BEB005993AB = {
						CreatedOnToolsVersion = 12.4;
						TestTargetID = A0957CAB25FA5BEA005993AB;
					};
					A0957CCC25FA5BEB005993AB = {
						CreatedOnToolsVersion = 12.4;
						TestTargetID = A0957CAB25FA5BEA005993AB;
					};
				};
			};
			buildConfigurationList = A0957CA725FA5BEA005993AB /* Build configuration list for PBXProject "RandomStudentGenerator" */;
			compatibilityVersion = "Xcode 9.3";
			developmentRegion = en;
			hasScannedForEncodings = 0;
			knownRegions = (
				en,
				Base,
			);
			mainGroup = A0957CA325FA5BEA005993AB;
			productRefGroup = A0957CAD25FA5BEA005993AB /* Products */;
			projectDirPath = "";
			projectRoot = "";
			targets = (
				A0957CAB25FA5BEA005993AB /* RandomStudentGenerator */,
				A0957CC125FA5BEB005993AB /* RandomStudentGeneratorTests */,
				A0957CCC25FA5BEB005993AB /* RandomStudentGeneratorUITests */,
			);
		};
/* End PBXProject section */

/* Begin PBXResourcesBuildPhase section */
		A0957CAA25FA5BEA005993AB /* Resources */ = {
			isa = PBXResourcesBuildPhase;
			buildActionMask = 2147483647;
			files = (
				A0957CBC25FA5BEA005993AB /* LaunchScreen.storyboard in Resources */,
				A0957CB925FA5BEA005993AB /* Preview Assets.xcassets in Resources */,
				A0957CB625FA5BEA005993AB /* Assets.xcassets in Resources */,
			);
			runOnlyForDeploymentPostprocessing = 0;
		};
		A0957CC025FA5BEB005993AB /* Resources */ = {
			isa = PBXResourcesBuildPhase;
			buildActionMask = 2147483647;
			files = (
			);
			runOnlyForDeploymentPostprocessing = 0;
		};
		A0957CCB25FA5BEB005993AB /* Resources */ = {
			isa = PBXResourcesBuildPhase;
			buildActionMask = 2147483647;
			files = (
			);
			runOnlyForDeploymentPostprocessing = 0;
		};
/* End PBXResourcesBuildPhase section */

/* Begin PBXSourcesBuildPhase section */
		A0957CA825FA5BEA005993AB /* Sources */ = {
			isa = PBXSourcesBuildPhase;
			buildActionMask = 2147483647;
			files = (
				A0957CB025FA5BEA005993AB /* AppDelegate.swift in Sources */,
				A0957CB225FA5BEA005993AB /* SceneDelegate.swift in Sources */,
				A0957CB425FA5BEA005993AB /* ContentView.swift in Sources */,
				A0957D0025FAD201005993AB /* Group.swift in Sources */,
				A0957CF125FA851D005993AB /* ShuffledListView.swift in Sources */,
				A0957CF625FAD00D005993AB /* GroupSelectorView.swift in Sources */,
				A0957CFB25FAD159005993AB /* Student.swift in Sources */,
				A0957CE925FA7398005993AB /* NewStudentListView.swift in Sources */,
				A0957D1425FB29BA005993AB /* GroupsStorage.swift in Sources */,
			);
			runOnlyForDeploymentPostprocessing = 0;
		};
		A0957CBE25FA5BEB005993AB /* Sources */ = {
			isa = PBXSourcesBuildPhase;
			buildActionMask = 2147483647;
			files = (
				A0957CC725FA5BEB005993AB /* RandomStudentGeneratorTests.swift in Sources */,
			);
			runOnlyForDeploymentPostprocessing = 0;
		};
		A0957CC925FA5BEB005993AB /* Sources */ = {
			isa = PBXSourcesBuildPhase;
			buildActionMask = 2147483647;
			files = (
				A0957CD225FA5BEB005993AB /* RandomStudentGeneratorUITests.swift in Sources */,
			);
			runOnlyForDeploymentPostprocessing = 0;
		};
/* End PBXSourcesBuildPhase section */

/* Begin PBXTargetDependency section */
		A0957CC425FA5BEB005993AB /* PBXTargetDependency */ = {
			isa = PBXTargetDependency;
			target = A0957CAB25FA5BEA005993AB /* RandomStudentGenerator */;
			targetProxy = A0957CC325FA5BEB005993AB /* PBXContainerItemProxy */;
		};
		A0957CCF25FA5BEB005993AB /* PBXTargetDependency */ = {
			isa = PBXTargetDependency;
			target = A0957CAB25FA5BEA005993AB /* RandomStudentGenerator */;
			targetProxy = A0957CCE25FA5BEB005993AB /* PBXContainerItemProxy */;
		};
/* End PBXTargetDependency section */

/* Begin PBXVariantGroup section */
		A0957CBA25FA5BEA005993AB /* LaunchScreen.storyboard */ = {
			isa = PBXVariantGroup;
			children = (
				A0957CBB25FA5BEA005993AB /* Base */,
			);
			name = LaunchScreen.storyboard;
			sourceTree = "<group>";
		};
/* End PBXVariantGroup section */

/* Begin XCBuildConfiguration section */
		A0957CD425FA5BEB005993AB /* Debug */ = {
			isa = XCBuildConfiguration;
			buildSettings = {
				ALWAYS_SEARCH_USER_PATHS = NO;
				CLANG_ANALYZER_NONNULL = YES;
				CLANG_ANALYZER_NUMBER_OBJECT_CONVERSION = YES_AGGRESSIVE;
				CLANG_CXX_LANGUAGE_STANDARD = "gnu++14";
				CLANG_CXX_LIBRARY = "libc++";
				CLANG_ENABLE_MODULES = YES;
				CLANG_ENABLE_OBJC_ARC = YES;
				CLANG_ENABLE_OBJC_WEAK = YES;
				CLANG_WARN_BLOCK_CAPTURE_AUTORELEASING = YES;
				CLANG_WARN_BOOL_CONVERSION = YES;
				CLANG_WARN_COMMA = YES;
				CLANG_WARN_CONSTANT_CONVERSION = YES;
				CLANG_WARN_DEPRECATED_OBJC_IMPLEMENTATIONS = YES;
				CLANG_WARN_DIRECT_OBJC_ISA_USAGE = YES_ERROR;
				CLANG_WARN_DOCUMENTATION_COMMENTS = YES;
				CLANG_WARN_EMPTY_BODY = YES;
				CLANG_WARN_ENUM_CONVERSION = YES;
				CLANG_WARN_INFINITE_RECURSION = YES;
				CLANG_WARN_INT_CONVERSION = YES;
				CLANG_WARN_NON_LITERAL_NULL_CONVERSION = YES;
				CLANG_WARN_OBJC_IMPLICIT_RETAIN_SELF = YES;
				CLANG_WARN_OBJC_LITERAL_CONVERSION = YES;
				CLANG_WARN_OBJC_ROOT_CLASS = YES_ERROR;
				CLANG_WARN_QUOTED_INCLUDE_IN_FRAMEWORK_HEADER = YES;
				CLANG_WARN_RANGE_LOOP_ANALYSIS = YES;
				CLANG_WARN_STRICT_PROTOTYPES = YES;
				CLANG_WARN_SUSPICIOUS_MOVE = YES;
				CLANG_WARN_UNGUARDED_AVAILABILITY = YES_AGGRESSIVE;
				CLANG_WARN_UNREACHABLE_CODE = YES;
				CLANG_WARN__DUPLICATE_METHOD_MATCH = YES;
				COPY_PHASE_STRIP = NO;
				DEBUG_INFORMATION_FORMAT = dwarf;
				ENABLE_STRICT_OBJC_MSGSEND = YES;
				ENABLE_TESTABILITY = YES;
				GCC_C_LANGUAGE_STANDARD = gnu11;
				GCC_DYNAMIC_NO_PIC = NO;
				GCC_NO_COMMON_BLOCKS = YES;
				GCC_OPTIMIZATION_LEVEL = 0;
				GCC_PREPROCESSOR_DEFINITIONS = (
					"DEBUG=1",
					"$(inherited)",
				);
				GCC_WARN_64_TO_32_BIT_CONVERSION = YES;
				GCC_WARN_ABOUT_RETURN_TYPE = YES_ERROR;
				GCC_WARN_UNDECLARED_SELECTOR = YES;
				GCC_WARN_UNINITIALIZED_AUTOS = YES_AGGRESSIVE;
				GCC_WARN_UNUSED_FUNCTION = YES;
				GCC_WARN_UNUSED_VARIABLE = YES;
				IPHONEOS_DEPLOYMENT_TARGET = 14.4;
				MTL_ENABLE_DEBUG_INFO = INCLUDE_SOURCE;
				MTL_FAST_MATH = YES;
				ONLY_ACTIVE_ARCH = YES;
				SDKROOT = iphoneos;
				SWIFT_ACTIVE_COMPILATION_CONDITIONS = DEBUG;
				SWIFT_OPTIMIZATION_LEVEL = "-Onone";
			};
			name = Debug;
		};
		A0957CD525FA5BEB005993AB /* Release */ = {
			isa = XCBuildConfiguration;
			buildSettings = {
				ALWAYS_SEARCH_USER_PATHS = NO;
				CLANG_ANALYZER_NONNULL = YES;
				CLANG_ANALYZER_NUMBER_OBJECT_CONVERSION = YES_AGGRESSIVE;
				CLANG_CXX_LANGUAGE_STANDARD = "gnu++14";
				CLANG_CXX_LIBRARY = "libc++";
				CLANG_ENABLE_MODULES = YES;
				CLANG_ENABLE_OBJC_ARC = YES;
				CLANG_ENABLE_OBJC_WEAK = YES;
				CLANG_WARN_BLOCK_CAPTURE_AUTORELEASING = YES;
				CLANG_WARN_BOOL_CONVERSION = YES;
				CLANG_WARN_COMMA = YES;
				CLANG_WARN_CONSTANT_CONVERSION = YES;
				CLANG_WARN_DEPRECATED_OBJC_IMPLEMENTATIONS = YES;
				CLANG_WARN_DIRECT_OBJC_ISA_USAGE = YES_ERROR;
				CLANG_WARN_DOCUMENTATION_COMMENTS = YES;
				CLANG_WARN_EMPTY_BODY = YES;
				CLANG_WARN_ENUM_CONVERSION = YES;
				CLANG_WARN_INFINITE_RECURSION = YES;
				CLANG_WARN_INT_CONVERSION = YES;
				CLANG_WARN_NON_LITERAL_NULL_CONVERSION = YES;
				CLANG_WARN_OBJC_IMPLICIT_RETAIN_SELF = YES;
				CLANG_WARN_OBJC_LITERAL_CONVERSION = YES;
				CLANG_WARN_OBJC_ROOT_CLASS = YES_ERROR;
				CLANG_WARN_QUOTED_INCLUDE_IN_FRAMEWORK_HEADER = YES;
				CLANG_WARN_RANGE_LOOP_ANALYSIS = YES;
				CLANG_WARN_STRICT_PROTOTYPES = YES;
				CLANG_WARN_SUSPICIOUS_MOVE = YES;
				CLANG_WARN_UNGUARDED_AVAILABILITY = YES_AGGRESSIVE;
				CLANG_WARN_UNREACHABLE_CODE = YES;
				CLANG_WARN__DUPLICATE_METHOD_MATCH = YES;
				COPY_PHASE_STRIP = NO;
				DEBUG_INFORMATION_FORMAT = "dwarf-with-dsym";
				ENABLE_NS_ASSERTIONS = NO;
				ENABLE_STRICT_OBJC_MSGSEND = YES;
				GCC_C_LANGUAGE_STANDARD = gnu11;
				GCC_NO_COMMON_BLOCKS = YES;
				GCC_WARN_64_TO_32_BIT_CONVERSION = YES;
				GCC_WARN_ABOUT_RETURN_TYPE = YES_ERROR;
				GCC_WARN_UNDECLARED_SELECTOR = YES;
				GCC_WARN_UNINITIALIZED_AUTOS = YES_AGGRESSIVE;
				GCC_WARN_UNUSED_FUNCTION = YES;
				GCC_WARN_UNUSED_VARIABLE = YES;
				IPHONEOS_DEPLOYMENT_TARGET = 14.4;
				MTL_ENABLE_DEBUG_INFO = NO;
				MTL_FAST_MATH = YES;
				SDKROOT = iphoneos;
				SWIFT_COMPILATION_MODE = wholemodule;
				SWIFT_OPTIMIZATION_LEVEL = "-O";
				VALIDATE_PRODUCT = YES;
			};
			name = Release;
		};
		A0957CD725FA5BEB005993AB /* Debug */ = {
			isa = XCBuildConfiguration;
			buildSettings = {
				ASSETCATALOG_COMPILER_APPICON_NAME = AppIcon;
				ASSETCATALOG_COMPILER_GLOBAL_ACCENT_COLOR_NAME = AccentColor;
				CODE_SIGN_STYLE = Automatic;
				DEVELOPMENT_ASSET_PATHS = "\"RandomStudentGenerator/Preview Content\"";
				DEVELOPMENT_TEAM = AD43B52RLX;
				ENABLE_PREVIEWS = YES;
				INFOPLIST_FILE = RandomStudentGenerator/Info.plist;
				LD_RUNPATH_SEARCH_PATHS = (
					"$(inherited)",
					"@executable_path/Frameworks",
				);
				PRODUCT_BUNDLE_IDENTIFIER = CLC.RandomStudentGenerator;
				PRODUCT_NAME = "$(TARGET_NAME)";
				SWIFT_VERSION = 5.0;
				TARGETED_DEVICE_FAMILY = "1,2";
			};
			name = Debug;
		};
		A0957CD825FA5BEB005993AB /* Release */ = {
			isa = XCBuildConfiguration;
			buildSettings = {
				ASSETCATALOG_COMPILER_APPICON_NAME = AppIcon;
				ASSETCATALOG_COMPILER_GLOBAL_ACCENT_COLOR_NAME = AccentColor;
				CODE_SIGN_STYLE = Automatic;
				DEVELOPMENT_ASSET_PATHS = "\"RandomStudentGenerator/Preview Content\"";
				DEVELOPMENT_TEAM = AD43B52RLX;
				ENABLE_PREVIEWS = YES;
				INFOPLIST_FILE = RandomStudentGenerator/Info.plist;
				LD_RUNPATH_SEARCH_PATHS = (
					"$(inherited)",
					"@executable_path/Frameworks",
				);
				PRODUCT_BUNDLE_IDENTIFIER = CLC.RandomStudentGenerator;
				PRODUCT_NAME = "$(TARGET_NAME)";
				SWIFT_VERSION = 5.0;
				TARGETED_DEVICE_FAMILY = "1,2";
			};
			name = Release;
		};
		A0957CDA25FA5BEB005993AB /* Debug */ = {
			isa = XCBuildConfiguration;
			buildSettings = {
				ALWAYS_EMBED_SWIFT_STANDARD_LIBRARIES = YES;
				BUNDLE_LOADER = "$(TEST_HOST)";
				CODE_SIGN_STYLE = Automatic;
				DEVELOPMENT_TEAM = AD43B52RLX;
				INFOPLIST_FILE = RandomStudentGeneratorTests/Info.plist;
				IPHONEOS_DEPLOYMENT_TARGET = 14.4;
				LD_RUNPATH_SEARCH_PATHS = (
					"$(inherited)",
					"@executable_path/Frameworks",
					"@loader_path/Frameworks",
				);
				PRODUCT_BUNDLE_IDENTIFIER = CLC.RandomStudentGeneratorTests;
				PRODUCT_NAME = "$(TARGET_NAME)";
				SWIFT_VERSION = 5.0;
				TARGETED_DEVICE_FAMILY = "1,2";
				TEST_HOST = "$(BUILT_PRODUCTS_DIR)/RandomStudentGenerator.app/RandomStudentGenerator";
			};
			name = Debug;
		};
		A0957CDB25FA5BEB005993AB /* Release */ = {
			isa = XCBuildConfiguration;
			buildSettings = {
				ALWAYS_EMBED_SWIFT_STANDARD_LIBRARIES = YES;
				BUNDLE_LOADER = "$(TEST_HOST)";
				CODE_SIGN_STYLE = Automatic;
				DEVELOPMENT_TEAM = AD43B52RLX;
				INFOPLIST_FILE = RandomStudentGeneratorTests/Info.plist;
				IPHONEOS_DEPLOYMENT_TARGET = 14.4;
				LD_RUNPATH_SEARCH_PATHS = (
					"$(inherited)",
					"@executable_path/Frameworks",
					"@loader_path/Frameworks",
				);
				PRODUCT_BUNDLE_IDENTIFIER = CLC.RandomStudentGeneratorTests;
				PRODUCT_NAME = "$(TARGET_NAME)";
				SWIFT_VERSION = 5.0;
				TARGETED_DEVICE_FAMILY = "1,2";
				TEST_HOST = "$(BUILT_PRODUCTS_DIR)/RandomStudentGenerator.app/RandomStudentGenerator";
			};
			name = Release;
		};
		A0957CDD25FA5BEB005993AB /* Debug */ = {
			isa = XCBuildConfiguration;
			buildSettings = {
				ALWAYS_EMBED_SWIFT_STANDARD_LIBRARIES = YES;
				CODE_SIGN_STYLE = Automatic;
				DEVELOPMENT_TEAM = AD43B52RLX;
				INFOPLIST_FILE = RandomStudentGeneratorUITests/Info.plist;
				LD_RUNPATH_SEARCH_PATHS = (
					"$(inherited)",
					"@executable_path/Frameworks",
					"@loader_path/Frameworks",
				);
				PRODUCT_BUNDLE_IDENTIFIER = CLC.RandomStudentGeneratorUITests;
				PRODUCT_NAME = "$(TARGET_NAME)";
				SWIFT_VERSION = 5.0;
				TARGETED_DEVICE_FAMILY = "1,2";
				TEST_TARGET_NAME = RandomStudentGenerator;
			};
			name = Debug;
		};
		A0957CDE25FA5BEB005993AB /* Release */ = {
			isa = XCBuildConfiguration;
			buildSettings = {
				ALWAYS_EMBED_SWIFT_STANDARD_LIBRARIES = YES;
				CODE_SIGN_STYLE = Automatic;
				DEVELOPMENT_TEAM = AD43B52RLX;
				INFOPLIST_FILE = RandomStudentGeneratorUITests/Info.plist;
				LD_RUNPATH_SEARCH_PATHS = (
					"$(inherited)",
					"@executable_path/Frameworks",
					"@loader_path/Frameworks",
				);
				PRODUCT_BUNDLE_IDENTIFIER = CLC.RandomStudentGeneratorUITests;
				PRODUCT_NAME = "$(TARGET_NAME)";
				SWIFT_VERSION = 5.0;
				TARGETED_DEVICE_FAMILY = "1,2";
				TEST_TARGET_NAME = RandomStudentGenerator;
			};
			name = Release;
		};
/* End XCBuildConfiguration section */

/* Begin XCConfigurationList section */
		A0957CA725FA5BEA005993AB /* Build configuration list for PBXProject "RandomStudentGenerator" */ = {
			isa = XCConfigurationList;
			buildConfigurations = (
				A0957CD425FA5BEB005993AB /* Debug */,
				A0957CD525FA5BEB005993AB /* Release */,
			);
			defaultConfigurationIsVisible = 0;
			defaultConfigurationName = Release;
		};
		A0957CD625FA5BEB005993AB /* Build configuration list for PBXNativeTarget "RandomStudentGenerator" */ = {
			isa = XCConfigurationList;
			buildConfigurations = (
				A0957CD725FA5BEB005993AB /* Debug */,
				A0957CD825FA5BEB005993AB /* Release */,
			);
			defaultConfigurationIsVisible = 0;
			defaultConfigurationName = Release;
		};
		A0957CD925FA5BEB005993AB /* Build configuration list for PBXNativeTarget "RandomStudentGeneratorTests" */ = {
			isa = XCConfigurationList;
			buildConfigurations = (
				A0957CDA25FA5BEB005993AB /* Debug */,
				A0957CDB25FA5BEB005993AB /* Release */,
			);
			defaultConfigurationIsVisible = 0;
			defaultConfigurationName = Release;
		};
		A0957CDC25FA5BEB005993AB /* Build configuration list for PBXNativeTarget "RandomStudentGeneratorUITests" */ = {
			isa = XCConfigurationList;
			buildConfigurations = (
				A0957CDD25FA5BEB005993AB /* Debug */,
				A0957CDE25FA5BEB005993AB /* Release */,
			);
			defaultConfigurationIsVisible = 0;
			defaultConfigurationName = Release;
		};
/* End XCConfigurationList section */
	};
	rootObject = A0957CA425FA5BEA005993AB /* Project object */;
}
